
Microsoft Visual Studio Solution File, Format Version 11.00
# Visual Studio 2010
# SharpDevelop 4.2.0.8783
Project("{FAE04EC0-301F-11D3-BF4B-00C04F79EFBC}") = "nimEngine", "nimEngine\nimEngine.csproj", "{BF80902C-42BF-43C6-BE5E-2063197E3163}"
EndProject
Project("{FAE04EC0-301F-11D3-BF4B-00C04F79EFBC}") = "nimGUI", "nimGUI\nimGUI.csproj", "{8EFCDDF3-E87C-4496-AC00-F3189E62B65B}"
EndProject
Project("{FAE04EC0-301F-11D3-BF4B-00C04F79EFBC}") = "Serializer", "Serializer\Serializer.csproj", "{EF41A815-E586-4CF8-A3C8-10EE6D8CBEE7}"
EndProject
Global
	GlobalSection(SolutionConfigurationPlatforms) = preSolution
		Debug|Any CPU = Debug|Any CPU
		Debug|Mixed Platforms = Debug|Mixed Platforms
		Debug|x86 = Debug|x86
		Release|Any CPU = Release|Any CPU
		Release|Mixed Platforms = Release|Mixed Platforms
		Release|x86 = Release|x86
	EndGlobalSection
	GlobalSection(ProjectConfigurationPlatforms) = postSolution
		{BF80902C-42BF-43C6-BE5E-2063197E3163}.Debug|Any CPU.ActiveCfg = Debug|Any CPU
		{BF80902C-42BF-43C6-BE5E-2063197E3163}.Debug|Any CPU.Build.0 = Debug|Any CPU
		{BF80902C-42BF-43C6-BE5E-2063197E3163}.Debug|Mixed Platforms.ActiveCfg = Debug|Any CPU
		{BF80902C-42BF-43C6-BE5E-2063197E3163}.Debug|Mixed Platforms.Build.0 = Debug|Any CPU
		{BF80902C-42BF-43C6-BE5E-2063197E3163}.Debug|x86.ActiveCfg = Debug|Any CPU
		{BF80902C-42BF-43C6-BE5E-2063197E3163}.Release|Any CPU.ActiveCfg = Release|Any CPU
		{BF80902C-42BF-43C6-BE5E-2063197E3163}.Release|Any CPU.Build.0 = Release|Any CPU
		{BF80902C-42BF-43C6-BE5E-2063197E3163}.Release|Mixed Platforms.ActiveCfg = Release|Any CPU
		{BF80902C-42BF-43C6-BE5E-2063197E3163}.Release|Mixed Platforms.Build.0 = Release|Any CPU
		{BF80902C-42BF-43C6-BE5E-2063197E3163}.Release|x86.ActiveCfg = Release|Any CPU
		{8EFCDDF3-E87C-4496-AC00-F3189E62B65B}.Debug|Any CPU.ActiveCfg = Debug|x86
		{8EFCDDF3-E87C-4496-AC00-F3189E62B65B}.Debug|Mixed Platforms.ActiveCfg = Debug|x86
		{8EFCDDF3-E87C-4496-AC00-F3189E62B65B}.Debug|Mixed Platforms.Build.0 = Debug|x86
		{8EFCDDF3-E87C-4496-AC00-F3189E62B65B}.Debug|x86.ActiveCfg = Debug|x86
		{8EFCDDF3-E87C-4496-AC00-F3189E62B65B}.Debug|x86.Build.0 = Debug|x86
		{8EFCDDF3-E87C-4496-AC00-F3189E62B65B}.Release|Any CPU.ActiveCfg = Release|x86
		{8EFCDDF3-E87C-4496-AC00-F3189E62B65B}.Release|Mixed Platforms.ActiveCfg = Release|x86
		{8EFCDDF3-E87C-4496-AC00-F3189E62B65B}.Release|Mixed Platforms.Build.0 = Release|x86
		{8EFCDDF3-E87C-4496-AC00-F3189E62B65B}.Release|x86.ActiveCfg = Release|x86
		{8EFCDDF3-E87C-4496-AC00-F3189E62B65B}.Release|x86.Build.0 = Release|x86
		{EF41A815-E586-4CF8-A3C8-10EE6D8CBEE7}.Debug|Any CPU.ActiveCfg = Debug|Any CPU
		{EF41A815-E586-4CF8-A3C8-10EE6D8CBEE7}.Debug|Any CPU.Build.0 = Debug|Any CPU
		{EF41A815-E586-4CF8-A3C8-10EE6D8CBEE7}.Debug|Mixed Platforms.ActiveCfg = Debug|Any CPU
		{EF41A815-E586-4CF8-A3C8-10EE6D8CBEE7}.Debug|Mixed Platforms.Build.0 = Debug|Any CPU
		{EF41A815-E586-4CF8-A3C8-10EE6D8CBEE7}.Debug|x86.ActiveCfg = Debug|Any CPU
		{EF41A815-E586-4CF8-A3C8-10EE6D8CBEE7}.Release|Any CPU.ActiveCfg = Release|Any CPU
		{EF41A815-E586-4CF8-A3C8-10EE6D8CBEE7}.Release|Any CPU.Build.0 = Release|Any CPU
		{EF41A815-E586-4CF8-A3C8-10EE6D8CBEE7}.Release|Mixed Platforms.ActiveCfg = Release|Any CPU
		{EF41A815-E586-4CF8-A3C8-10EE6D8CBEE7}.Release|Mixed Platforms.Build.0 = Release|Any CPU
		{EF41A815-E586-4CF8-A3C8-10EE6D8CBEE7}.Release|x86.ActiveCfg = Release|Any CPU
		{8EFCDDF3-E87C-4496-AC00-F3189E62B65B}.Debug|Any CPU.Build.0 = Debug|Any CPU
		{8EFCDDF3-E87C-4496-AC00-F3189E62B65B}.Release|Any CPU.Build.0 = Release|Any CPU
	EndGlobalSection
	GlobalSection(SolutionProperties) = preSolution
		HideSolutionNode = FALSE
	EndGlobalSection
EndGlobal
